Microsoft Visual Studio Solution File, Format Version 12.00
# Visual Studio Version 17
VisualStudioVersion = 17.5.2.0
MinimumVisualStudioVersion = 10.0.40219.1
Project("{FAE04EC0-301F-11D3-BF4B-00C04F79EFBC}") = "GrowthOps.Api", "GrowthOps.Api.csproj", "{5BE9F784-BC1D-2CA3-F8D8-81E55A94430D}"
EndProject
Global
	GlobalSection(SolutionConfigurationPlatforms) = preSolution
		Debug|Any CPU = Debug|Any CPU
		Release|Any CPU = Release|Any CPU
	EndGlobalSection
	GlobalSection(ProjectConfigurationPlatforms) = postSolution
		{5BE9F784-BC1D-2CA3-F8D8-81E55A94430D}.Debug|Any CPU.ActiveCfg = Debug|Any CPU
		{5BE9F784-BC1D-2CA3-F8D8-81E55A94430D}.Debug|Any CPU.Build.0 = Debug|Any CPU
		{5BE9F784-BC1D-2CA3-F8D8-81E55A94430D}.Release|Any CPU.ActiveCfg = Release|Any CPU
		{5BE9F784-BC1D-2CA3-F8D8-81E55A94430D}.Release|Any CPU.Build.0 = Release|Any CPU
	EndGlobalSection
	GlobalSection(SolutionProperties) = preSolution
		HideSolutionNode = FALSE
	EndGlobalSection
	GlobalSection(ExtensibilityGlobals) = postSolution
		SolutionGuid = {C23EE0DC-B999-4C54-83EE-4F82F67DFF50}
	EndGlobalSection
EndGlobal
